// !$*UTF8*$!
{
	archiveVersion = 1;
	classes = {
	};
	objectVersion = 48;
	objects = {

/* Begin PBXBuildFile section */
		FC1ED1C91FE7D76F002E50FD /* MainViewController.swift in Sources */ = {isa = PBXBuildFile; fileRef = FC1ED1C81FE7D76F002E50FD /* MainViewController.swift */; };
		FC1ED1CD1FE7D779002E50FD /* ExampleViewController.swift in Sources */ = {isa = PBXBuildFile; fileRef = FC1ED1CC1FE7D779002E50FD /* ExampleViewController.swift */; };
		FC1ED1D91FE7EFDD002E50FD /* MainCell.swift in Sources */ = {isa = PBXBuildFile; fileRef = FC1ED1D81FE7EFDD002E50FD /* MainCell.swift */; };
		FC1ED1DB1FE7EFE7002E50FD /* ExampleCell.swift in Sources */ = {isa = PBXBuildFile; fileRef = FC1ED1DA1FE7EFE7002E50FD /* ExampleCell.swift */; };
		FC1ED1DD1FE7F0B1002E50FD /* HealthyFoodHeader.swift in Sources */ = {isa = PBXBuildFile; fileRef = FC1ED1DC1FE7F0B1002E50FD /* HealthyFoodHeader.swift */; };
		FC1ED1DF1FE7F0C3002E50FD /* ExampleHeader.swift in Sources */ = {isa = PBXBuildFile; fileRef = FC1ED1DE1FE7F0C3002E50FD /* ExampleHeader.swift */; };
		FC4D46C91FE9298D0012B681 /* CommonFlowLayout.swift in Sources */ = {isa = PBXBuildFile; fileRef = FC4D46C81FE9298D0012B681 /* CommonFlowLayout.swift */; };
		FC6DA5401FEBA7A50042E8DA /* HealthyGroup.swift in Sources */ = {isa = PBXBuildFile; fileRef = FC6DA53F1FEBA7A50042E8DA /* HealthyGroup.swift */; };
		FC6DA5561FEBB47D0042E8DA /* ItemsDataSource.framework in Frameworks */ = {isa = PBXBuildFile; fileRef = FC7484F71FE7CB52002AB969 /* ItemsDataSource.framework */; };
		FC6DA5571FEBB47D0042E8DA /* ItemsDataSource.framework in Embed Frameworks */ = {isa = PBXBuildFile; fileRef = FC7484F71FE7CB52002AB969 /* ItemsDataSource.framework */; settings = {ATTRIBUTES = (CodeSignOnCopy, RemoveHeadersOnCopy, ); }; };
		FC6DA55F1FEBB6BE0042E8DA /* ReuseIdentifier.swift in Sources */ = {isa = PBXBuildFile; fileRef = FC6DA55E1FEBB6BE0042E8DA /* ReuseIdentifier.swift */; };
		FC6DA5631FEBBF430042E8DA /* HealthyType.swift in Sources */ = {isa = PBXBuildFile; fileRef = FC6DA5621FEBBF430042E8DA /* HealthyType.swift */; };
		FC6DA5661FEBBFB70042E8DA /* HealthyFood.swift in Sources */ = {isa = PBXBuildFile; fileRef = FC6DA5651FEBBFB70042E8DA /* HealthyFood.swift */; };
		FC6DA5681FEBC0BF0042E8DA /* Vitamin.swift in Sources */ = {isa = PBXBuildFile; fileRef = FC6DA5671FEBC0BE0042E8DA /* Vitamin.swift */; };
		FC7484DF1FE7C733002AB969 /* AppDelegate.swift in Sources */ = {isa = PBXBuildFile; fileRef = FC7484DE1FE7C733002AB969 /* AppDelegate.swift */; };
		FC7484E41FE7C733002AB969 /* Main.storyboard in Resources */ = {isa = PBXBuildFile; fileRef = FC7484E21FE7C733002AB969 /* Main.storyboard */; };
		FC7484E61FE7C733002AB969 /* Assets.xcassets in Resources */ = {isa = PBXBuildFile; fileRef = FC7484E51FE7C733002AB969 /* Assets.xcassets */; };
		FC7484E91FE7C733002AB969 /* LaunchScreen.storyboard in Resources */ = {isa = PBXBuildFile; fileRef = FC7484E71FE7C733002AB969 /* LaunchScreen.storyboard */; };
/* End PBXBuildFile section */

/* Begin PBXContainerItemProxy section */
		FC6DA5581FEBB47D0042E8DA /* PBXContainerItemProxy */ = {
			isa = PBXContainerItemProxy;
			containerPortal = FC7484F11FE7CB52002AB969 /* ItemsDataSource.xcodeproj */;
			proxyType = 1;
			remoteGlobalIDString = 52D6D97B1BEFF229002C0205;
			remoteInfo = "ItemsDataSource-iOS";
		};
		FC7484F61FE7CB52002AB969 /* PBXContainerItemProxy */ = {
			isa = PBXContainerItemProxy;
			containerPortal = FC7484F11FE7CB52002AB969 /* ItemsDataSource.xcodeproj */;
			proxyType = 2;
			remoteGlobalIDString = 52D6D97C1BEFF229002C0205;
			remoteInfo = "ItemsDataSource-iOS";
		};
		FC7484F81FE7CB52002AB969 /* PBXContainerItemProxy */ = {
			isa = PBXContainerItemProxy;
			containerPortal = FC7484F11FE7CB52002AB969 /* ItemsDataSource.xcodeproj */;
			proxyType = 2;
			remoteGlobalIDString = 52D6D9861BEFF229002C0205;
			remoteInfo = "ItemsDataSource-iOS Tests";
		};
/* End PBXContainerItemProxy section */

/* Begin PBXCopyFilesBuildPhase section */
		FC6DA55A1FEBB47E0042E8DA /* Embed Frameworks */ = {
			isa = PBXCopyFilesBuildPhase;
			buildActionMask = 2147483647;
			dstPath = "";
			dstSubfolderSpec = 10;
			files = (
				FC6DA5571FEBB47D0042E8DA /* ItemsDataSource.framework in Embed Frameworks */,
			);
			name = "Embed Frameworks";
			runOnlyForDeploymentPostprocessing = 0;
		};
/* End PBXCopyFilesBuildPhase section */

/* Begin PBXFileReference section */
		FC1ED1C81FE7D76F002E50FD /* MainViewController.swift */ = {isa = PBXFileReference; lastKnownFileType = sourcecode.swift; path = MainViewController.swift; sourceTree = "<group>"; };
		FC1ED1CC1FE7D779002E50FD /* ExampleViewController.swift */ = {isa = PBXFileReference; lastKnownFileType = sourcecode.swift; path = ExampleViewController.swift; sourceTree = "<group>"; };
		FC1ED1D81FE7EFDD002E50FD /* MainCell.swift */ = {isa = PBXFileReference; lastKnownFileType = sourcecode.swift; path = MainCell.swift; sourceTree = "<group>"; };
		FC1ED1DA1FE7EFE7002E50FD /* ExampleCell.swift */ = {isa = PBXFileReference; lastKnownFileType = sourcecode.swift; path = ExampleCell.swift; sourceTree = "<group>"; };
		FC1ED1DC1FE7F0B1002E50FD /* HealthyFoodHeader.swift */ = {isa = PBXFileReference; lastKnownFileType = sourcecode.swift; path = HealthyFoodHeader.swift; sourceTree = "<group>"; };
		FC1ED1DE1FE7F0C3002E50FD /* ExampleHeader.swift */ = {isa = PBXFileReference; lastKnownFileType = sourcecode.swift; path = ExampleHeader.swift; sourceTree = "<group>"; };
		FC4D46C81FE9298D0012B681 /* CommonFlowLayout.swift */ = {isa = PBXFileReference; lastKnownFileType = sourcecode.swift; path = CommonFlowLayout.swift; sourceTree = "<group>"; };
		FC6DA53F1FEBA7A50042E8DA /* HealthyGroup.swift */ = {isa = PBXFileReference; lastKnownFileType = sourcecode.swift; path = HealthyGroup.swift; sourceTree = "<group>"; };
		FC6DA55E1FEBB6BE0042E8DA /* ReuseIdentifier.swift */ = {isa = PBXFileReference; lastKnownFileType = sourcecode.swift; path = ReuseIdentifier.swift; sourceTree = "<group>"; };
		FC6DA5621FEBBF430042E8DA /* HealthyType.swift */ = {isa = PBXFileReference; lastKnownFileType = sourcecode.swift; path = HealthyType.swift; sourceTree = "<group>"; };
		FC6DA5651FEBBFB70042E8DA /* HealthyFood.swift */ = {isa = PBXFileReference; lastKnownFileType = sourcecode.swift; path = HealthyFood.swift; sourceTree = "<group>"; };
		FC6DA5671FEBC0BE0042E8DA /* Vitamin.swift */ = {isa = PBXFileReference; fileEncoding = 4; lastKnownFileType = sourcecode.swift; path = Vitamin.swift; sourceTree = "<group>"; };
		FC7484DB1FE7C733002AB969 /* iOS Example.app */ = {isa = PBXFileReference; explicitFileType = wrapper.application; includeInIndex = 0; path = "iOS Example.app"; sourceTree = BUILT_PRODUCTS_DIR; };
		FC7484DE1FE7C733002AB969 /* AppDelegate.swift */ = {isa = PBXFileReference; lastKnownFileType = sourcecode.swift; path = AppDelegate.swift; sourceTree = "<group>"; };
		FC7484E31FE7C733002AB969 /* Base */ = {isa = PBXFileReference; lastKnownFileType = file.storyboard; name = Base; path = Base.lproj/Main.storyboard; sourceTree = "<group>"; };
		FC7484E51FE7C733002AB969 /* Assets.xcassets */ = {isa = PBXFileReference; lastKnownFileType = folder.assetcatalog; path = Assets.xcassets; sourceTree = "<group>"; };
		FC7484E81FE7C733002AB969 /* Base */ = {isa = PBXFileReference; lastKnownFileType = file.storyboard; name = Base; path = Base.lproj/LaunchScreen.storyboard; sourceTree = "<group>"; };
		FC7484EA1FE7C733002AB969 /* Info.plist */ = {isa = PBXFileReference; lastKnownFileType = text.plist.xml; path = Info.plist; sourceTree = "<group>"; };
		FC7484F11FE7CB52002AB969 /* ItemsDataSource.xcodeproj */ = {isa = PBXFileReference; lastKnownFileType = "wrapper.pb-project"; name = ItemsDataSource.xcodeproj; path = ../../ItemsDataSource.xcodeproj; sourceTree = "<group>"; };
/* End PBXFileReference section */

/* Begin PBXFrameworksBuildPhase section */
		FC7484D81FE7C733002AB969 /* Frameworks */ = {
			isa = PBXFrameworksBuildPhase;
			buildActionMask = 2147483647;
			files = (
				FC6DA5561FEBB47D0042E8DA /* ItemsDataSource.framework in Frameworks */,
			);
			runOnlyForDeploymentPostprocessing = 0;
		};
/* End PBXFrameworksBuildPhase section */

/* Begin PBXGroup section */
		FC1ED1CE1FE7D77D002E50FD /* ViewControllers */ = {
			isa = PBXGroup;
			children = (
				FC1ED1CC1FE7D779002E50FD /* ExampleViewController.swift */,
				FC1ED1C81FE7D76F002E50FD /* MainViewController.swift */,
			);
			path = ViewControllers;
			sourceTree = "<group>";
		};
		FC1ED1CF1FE7D787002E50FD /* Views */ = {
			isa = PBXGroup;
			children = (
				FC1ED1D61FE7D829002E50FD /* Cells */,
				FC1ED1D71FE7D85F002E50FD /* Headers & Footers */,
			);
			path = Views;
			sourceTree = "<group>";
		};
		FC1ED1D01FE7D78C002E50FD /* Models */ = {
			isa = PBXGroup;
			children = (
				FC6DA5671FEBC0BE0042E8DA /* Vitamin.swift */,
				FC6DA5651FEBBFB70042E8DA /* HealthyFood.swift */,
				FC6DA53F1FEBA7A50042E8DA /* HealthyGroup.swift */,
				FC6DA5621FEBBF430042E8DA /* HealthyType.swift */,
			);
			path = Models;
			sourceTree = "<group>";
		};
		FC1ED1D11FE7D791002E50FD /* Supporting Files */ = {
			isa = PBXGroup;
			children = (
				FC7484DE1FE7C733002AB969 /* AppDelegate.swift */,
				FC7484EA1FE7C733002AB969 /* Info.plist */,
			);
			path = "Supporting Files";
			sourceTree = "<group>";
		};
		FC1ED1D21FE7D79C002E50FD /* Storyboards and Xibs */ = {
			isa = PBXGroup;
			children = (
				FC7484E71FE7C733002AB969 /* LaunchScreen.storyboard */,
				FC7484E21FE7C733002AB969 /* Main.storyboard */,
			);
			path = "Storyboards and Xibs";
			sourceTree = "<group>";
		};
		FC1ED1D31FE7D7FD002E50FD /* FakeDataSource */ = {
			isa = PBXGroup;
			children = (
			);
			path = FakeDataSource;
			sourceTree = "<group>";
		};
		FC1ED1D41FE7D80C002E50FD /* Layouts */ = {
			isa = PBXGroup;
			children = (
				FC4D46C81FE9298D0012B681 /* CommonFlowLayout.swift */,
			);
			path = Layouts;
			sourceTree = "<group>";
		};
		FC1ED1D61FE7D829002E50FD /* Cells */ = {
			isa = PBXGroup;
			children = (
				FC1ED1D81FE7EFDD002E50FD /* MainCell.swift */,
				FC1ED1DA1FE7EFE7002E50FD /* ExampleCell.swift */,
			);
			path = Cells;
			sourceTree = "<group>";
		};
		FC1ED1D71FE7D85F002E50FD /* Headers & Footers */ = {
			isa = PBXGroup;
			children = (
				FC1ED1DC1FE7F0B1002E50FD /* HealthyFoodHeader.swift */,
				FC1ED1DE1FE7F0C3002E50FD /* ExampleHeader.swift */,
			);
			path = "Headers & Footers";
			sourceTree = "<group>";
		};
		FC6DA54D1FEBB4660042E8DA /* Frameworks */ = {
			isa = PBXGroup;
			children = (
			);
			name = Frameworks;
			sourceTree = "<group>";
		};
		FC6DA55D1FEBB68A0042E8DA /* Constants */ = {
			isa = PBXGroup;
			children = (
				FC6DA55E1FEBB6BE0042E8DA /* ReuseIdentifier.swift */,
			);
			path = Constants;
			sourceTree = "<group>";
		};
		FC7484D21FE7C733002AB969 = {
			isa = PBXGroup;
			children = (
				FC7484F11FE7CB52002AB969 /* ItemsDataSource.xcodeproj */,
				FC7484DD1FE7C733002AB969 /* iOS Example */,
				FC7484DC1FE7C733002AB969 /* Products */,
				FC6DA54D1FEBB4660042E8DA /* Frameworks */,
			);
			sourceTree = "<group>";
		};
		FC7484DC1FE7C733002AB969 /* Products */ = {
			isa = PBXGroup;
			children = (
				FC7484DB1FE7C733002AB969 /* iOS Example.app */,
			);
			name = Products;
			sourceTree = "<group>";
		};
		FC7484DD1FE7C733002AB969 /* iOS Example */ = {
			isa = PBXGroup;
			children = (
				FC7484E51FE7C733002AB969 /* Assets.xcassets */,
				FC6DA55D1FEBB68A0042E8DA /* Constants */,
				FC1ED1D31FE7D7FD002E50FD /* FakeDataSource */,
				FC1ED1D41FE7D80C002E50FD /* Layouts */,
				FC1ED1D01FE7D78C002E50FD /* Models */,
				FC1ED1D21FE7D79C002E50FD /* Storyboards and Xibs */,
				FC1ED1D11FE7D791002E50FD /* Supporting Files */,
				FC1ED1CE1FE7D77D002E50FD /* ViewControllers */,
				FC1ED1CF1FE7D787002E50FD /* Views */,
			);
			path = "iOS Example";
			sourceTree = "<group>";
		};
		FC7484F21FE7CB52002AB969 /* Products */ = {
			isa = PBXGroup;
			children = (
				FC7484F71FE7CB52002AB969 /* ItemsDataSource.framework */,
				FC7484F91FE7CB52002AB969 /* ItemsDataSource-iOS Tests.xctest */,
			);
			name = Products;
			sourceTree = "<group>";
		};
/* End PBXGroup section */

/* Begin PBXNativeTarget section */
		FC7484DA1FE7C733002AB969 /* iOS Example */ = {
			isa = PBXNativeTarget;
			buildConfigurationList = FC7484ED1FE7C733002AB969 /* Build configuration list for PBXNativeTarget "iOS Example" */;
			buildPhases = (
				FC7484D71FE7C733002AB969 /* Sources */,
				FC7484D81FE7C733002AB969 /* Frameworks */,
				FC7484D91FE7C733002AB969 /* Resources */,
				FC6DA55A1FEBB47E0042E8DA /* Embed Frameworks */,
			);
			buildRules = (
			);
			dependencies = (
				FC6DA5591FEBB47D0042E8DA /* PBXTargetDependency */,
			);
			name = "iOS Example";
			productName = "iOS Example";
			productReference = FC7484DB1FE7C733002AB969 /* iOS Example.app */;
			productType = "com.apple.product-type.application";
		};
/* End PBXNativeTarget section */

/* Begin PBXProject section */
		FC7484D31FE7C733002AB969 /* Project object */ = {
			isa = PBXProject;
			attributes = {
				LastSwiftUpdateCheck = 0920;
				LastUpgradeCheck = 0920;
				ORGANIZATIONNAME = "Sasha Prokhorenko";
				TargetAttributes = {
					FC7484DA1FE7C733002AB969 = {
						CreatedOnToolsVersion = 9.2;
						ProvisioningStyle = Automatic;
					};
				};
			};
			buildConfigurationList = FC7484D61FE7C733002AB969 /* Build configuration list for PBXProject "iOS Example" */;
			compatibilityVersion = "Xcode 8.0";
			developmentRegion = en;
			hasScannedForEncodings = 0;
			knownRegions = (
				en,
				Base,
			);
			mainGroup = FC7484D21FE7C733002AB969;
			productRefGroup = FC7484DC1FE7C733002AB969 /* Products */;
			projectDirPath = "";
			projectReferences = (
				{
					ProductGroup = FC7484F21FE7CB52002AB969 /* Products */;
					ProjectRef = FC7484F11FE7CB52002AB969 /* ItemsDataSource.xcodeproj */;
				},
			);
			projectRoot = "";
			targets = (
				FC7484DA1FE7C733002AB969 /* iOS Example */,
			);
		};
/* End PBXProject section */

/* Begin PBXReferenceProxy section */
		FC7484F71FE7CB52002AB969 /* ItemsDataSource.framework */ = {
			isa = PBXReferenceProxy;
			fileType = wrapper.framework;
			path = ItemsDataSource.framework;
			remoteRef = FC7484F61FE7CB52002AB969 /* PBXContainerItemProxy */;
			sourceTree = BUILT_PRODUCTS_DIR;
		};
		FC7484F91FE7CB52002AB969 /* ItemsDataSource-iOS Tests.xctest */ = {
			isa = PBXReferenceProxy;
			fileType = wrapper.cfbundle;
			path = "ItemsDataSource-iOS Tests.xctest";
			remoteRef = FC7484F81FE7CB52002AB969 /* PBXContainerItemProxy */;
			sourceTree = BUILT_PRODUCTS_DIR;
		};
/* End PBXReferenceProxy section */

/* Begin PBXResourcesBuildPhase section */
		FC7484D91FE7C733002AB969 /* Resources */ = {
			isa = PBXResourcesBuildPhase;
			buildActionMask = 2147483647;
			files = (
				FC7484E91FE7C733002AB969 /* LaunchScreen.storyboard in Resources */,
				FC7484E61FE7C733002AB969 /* Assets.xcassets in Resources */,
				FC7484E41FE7C733002AB969 /* Main.storyboard in Resources */,
			);
			runOnlyForDeploymentPostprocessing = 0;
		};
/* End PBXResourcesBuildPhase section */

/* Begin PBXSourcesBuildPhase section */
		FC7484D71FE7C733002AB969 /* Sources */ = {
			isa = PBXSourcesBuildPhase;
			buildActionMask = 2147483647;
			files = (
				FC4D46C91FE9298D0012B681 /* CommonFlowLayout.swift in Sources */,
				FC1ED1DB1FE7EFE7002E50FD /* ExampleCell.swift in Sources */,
				FC1ED1C91FE7D76F002E50FD /* MainViewController.swift in Sources */,
				FC6DA5401FEBA7A50042E8DA /* HealthyGroup.swift in Sources */,
				FC6DA5681FEBC0BF0042E8DA /* Vitamin.swift in Sources */,
				FC1ED1DF1FE7F0C3002E50FD /* ExampleHeader.swift in Sources */,
				FC1ED1CD1FE7D779002E50FD /* ExampleViewController.swift in Sources */,
				FC6DA55F1FEBB6BE0042E8DA /* ReuseIdentifier.swift in Sources */,
				FC1ED1DD1FE7F0B1002E50FD /* HealthyFoodHeader.swift in Sources */,
				FC6DA5631FEBBF430042E8DA /* HealthyType.swift in Sources */,
				FC6DA5661FEBBFB70042E8DA /* HealthyFood.swift in Sources */,
				FC1ED1D91FE7EFDD002E50FD /* MainCell.swift in Sources */,
				FC7484DF1FE7C733002AB969 /* AppDelegate.swift in Sources */,
			);
			runOnlyForDeploymentPostprocessing = 0;
		};
/* End PBXSourcesBuildPhase section */

/* Begin PBXTargetDependency section */
		FC6DA5591FEBB47D0042E8DA /* PBXTargetDependency */ = {
			isa = PBXTargetDependency;
			name = "ItemsDataSource-iOS";
			targetProxy = FC6DA5581FEBB47D0042E8DA /* PBXContainerItemProxy */;
		};
/* End PBXTargetDependency section */

/* Begin PBXVariantGroup section */
		FC7484E21FE7C733002AB969 /* Main.storyboard */ = {
			isa = PBXVariantGroup;
			children = (
				FC7484E31FE7C733002AB969 /* Base */,
			);
			name = Main.storyboard;
			sourceTree = "<group>";
		};
		FC7484E71FE7C733002AB969 /* LaunchScreen.storyboard */ = {
			isa = PBXVariantGroup;
			children = (
				FC7484E81FE7C733002AB969 /* Base */,
			);
			name = LaunchScreen.storyboard;
			sourceTree = "<group>";
		};
/* End PBXVariantGroup section */

/* Begin XCBuildConfiguration section */
		FC7484EB1FE7C733002AB969 /* Debug */ = {
			isa = XCBuildConfiguration;
			buildSettings = {
				ALWAYS_SEARCH_USER_PATHS = NO;
				CLANG_ANALYZER_NONNULL = YES;
				CLANG_ANALYZER_NUMBER_OBJECT_CONVERSION = YES_AGGRESSIVE;
				CLANG_CXX_LANGUAGE_STANDARD = "gnu++14";
				CLANG_CXX_LIBRARY = "libc++";
				CLANG_ENABLE_MODULES = YES;
				CLANG_ENABLE_OBJC_ARC = YES;
				CLANG_WARN_BLOCK_CAPTURE_AUTORELEASING = YES;
				CLANG_WARN_BOOL_CONVERSION = YES;
				CLANG_WARN_COMMA = YES;
				CLANG_WARN_CONSTANT_CONVERSION = YES;
				CLANG_WARN_DIRECT_OBJC_ISA_USAGE = YES_ERROR;
				CLANG_WARN_DOCUMENTATION_COMMENTS = YES;
				CLANG_WARN_EMPTY_BODY = YES;
				CLANG_WARN_ENUM_CONVERSION = YES;
				CLANG_WARN_INFINITE_RECURSION = YES;
				CLANG_WARN_INT_CONVERSION = YES;
				CLANG_WARN_NON_LITERAL_NULL_CONVERSION = YES;
				CLANG_WARN_OBJC_LITERAL_CONVERSION = YES;
				CLANG_WARN_OBJC_ROOT_CLASS = YES_ERROR;
				CLANG_WARN_RANGE_LOOP_ANALYSIS = YES;
				CLANG_WARN_STRICT_PROTOTYPES = YES;
				CLANG_WARN_SUSPICIOUS_MOVE = YES;
				CLANG_WARN_UNGUARDED_AVAILABILITY = YES_AGGRESSIVE;
				CLANG_WARN_UNREACHABLE_CODE = YES;
				CLANG_WARN__DUPLICATE_METHOD_MATCH = YES;
				CODE_SIGN_IDENTITY = "iPhone Developer";
				COPY_PHASE_STRIP = NO;
				DEBUG_INFORMATION_FORMAT = dwarf;
				ENABLE_STRICT_OBJC_MSGSEND = YES;
				ENABLE_TESTABILITY = YES;
				GCC_C_LANGUAGE_STANDARD = gnu11;
				GCC_DYNAMIC_NO_PIC = NO;
				GCC_NO_COMMON_BLOCKS = YES;
				GCC_OPTIMIZATION_LEVEL = 0;
				GCC_PREPROCESSOR_DEFINITIONS = (
					"DEBUG=1",
					"$(inherited)",
				);
				GCC_WARN_64_TO_32_BIT_CONVERSION = YES;
				GCC_WARN_ABOUT_RETURN_TYPE = YES_ERROR;
				GCC_WARN_UNDECLARED_SELECTOR = YES;
				GCC_WARN_UNINITIALIZED_AUTOS = YES_AGGRESSIVE;
				GCC_WARN_UNUSED_FUNCTION = YES;
				GCC_WARN_UNUSED_VARIABLE = YES;
				IPHONEOS_DEPLOYMENT_TARGET = 11.2;
				MTL_ENABLE_DEBUG_INFO = YES;
				ONLY_ACTIVE_ARCH = YES;
				SDKROOT = iphoneos;
				SWIFT_ACTIVE_COMPILATION_CONDITIONS = DEBUG;
				SWIFT_OPTIMIZATION_LEVEL = "-Onone";
			};
			name = Debug;
		};
		FC7484EC1FE7C733002AB969 /* Release */ = {
			isa = XCBuildConfiguration;
			buildSettings = {
				ALWAYS_SEARCH_USER_PATHS = NO;
				CLANG_ANALYZER_NONNULL = YES;
				CLANG_ANALYZER_NUMBER_OBJECT_CONVERSION = YES_AGGRESSIVE;
				CLANG_CXX_LANGUAGE_STANDARD = "gnu++14";
				CLANG_CXX_LIBRARY = "libc++";
				CLANG_ENABLE_MODULES = YES;
				CLANG_ENABLE_OBJC_ARC = YES;
				CLANG_WARN_BLOCK_CAPTURE_AUTORELEASING = YES;
				CLANG_WARN_BOOL_CONVERSION = YES;
				CLANG_WARN_COMMA = YES;
				CLANG_WARN_CONSTANT_CONVERSION = YES;
				CLANG_WARN_DIRECT_OBJC_ISA_USAGE = YES_ERROR;
				CLANG_WARN_DOCUMENTATION_COMMENTS = YES;
				CLANG_WARN_EMPTY_BODY = YES;
				CLANG_WARN_ENUM_CONVERSION = YES;
				CLANG_WARN_INFINITE_RECURSION = YES;
				CLANG_WARN_INT_CONVERSION = YES;
				CLANG_WARN_NON_LITERAL_NULL_CONVERSION = YES;
				CLANG_WARN_OBJC_LITERAL_CONVERSION = YES;
				CLANG_WARN_OBJC_ROOT_CLASS = YES_ERROR;
				CLANG_WARN_RANGE_LOOP_ANALYSIS = YES;
				CLANG_WARN_STRICT_PROTOTYPES = YES;
				CLANG_WARN_SUSPICIOUS_MOVE = YES;
				CLANG_WARN_UNGUARDED_AVAILABILITY = YES_AGGRESSIVE;
				CLANG_WARN_UNREACHABLE_CODE = YES;
				CLANG_WARN__DUPLICATE_METHOD_MATCH = YES;
				CODE_SIGN_IDENTITY = "iPhone Developer";
				COPY_PHASE_STRIP = NO;
				DEBUG_INFORMATION_FORMAT = "dwarf-with-dsym";
				ENABLE_NS_ASSERTIONS = NO;
				ENABLE_STRICT_OBJC_MSGSEND = YES;
				GCC_C_LANGUAGE_STANDARD = gnu11;
				GCC_NO_COMMON_BLOCKS = YES;
				GCC_WARN_64_TO_32_BIT_CONVERSION = YES;
				GCC_WARN_ABOUT_RETURN_TYPE = YES_ERROR;
				GCC_WARN_UNDECLARED_SELECTOR = YES;
				GCC_WARN_UNINITIALIZED_AUTOS = YES_AGGRESSIVE;
				GCC_WARN_UNUSED_FUNCTION = YES;
				GCC_WARN_UNUSED_VARIABLE = YES;
				IPHONEOS_DEPLOYMENT_TARGET = 11.2;
				MTL_ENABLE_DEBUG_INFO = NO;
				SDKROOT = iphoneos;
				SWIFT_OPTIMIZATION_LEVEL = "-Owholemodule";
				VALIDATE_PRODUCT = YES;
			};
			name = Release;
		};
		FC7484EE1FE7C733002AB969 /* Debug */ = {
			isa = XCBuildConfiguration;
			buildSettings = {
				ALWAYS_EMBED_SWIFT_STANDARD_LIBRARIES = YES;
				ASSETCATALOG_COMPILER_APPICON_NAME = AppIcon;
				CODE_SIGN_STYLE = Automatic;
				DEVELOPMENT_TEAM = U8369V84MM;
				INFOPLIST_FILE = "$(SRCROOT)/iOS Example/Supporting Files/Info.plist";
				LD_RUNPATH_SEARCH_PATHS = "$(inherited) @executable_path/Frameworks";
				PRODUCT_BUNDLE_IDENTIFIER = "minikin.ItemsDataSource-iOS-Example";
				PRODUCT_NAME = "$(TARGET_NAME)";
				SWIFT_VERSION = 4.0;
				TARGETED_DEVICE_FAMILY = "1,2";
			};
			name = Debug;
		};
		FC7484EF1FE7C733002AB969 /* Release */ = {
			isa = XCBuildConfiguration;
			buildSettings = {
				ALWAYS_EMBED_SWIFT_STANDARD_LIBRARIES = YES;
				ASSETCATALOG_COMPILER_APPICON_NAME = AppIcon;
				CODE_SIGN_STYLE = Automatic;
				DEVELOPMENT_TEAM = U8369V84MM;
				INFOPLIST_FILE = "$(SRCROOT)/iOS Example/Supporting Files/Info.plist";
				LD_RUNPATH_SEARCH_PATHS = "$(inherited) @executable_path/Frameworks";
				PRODUCT_BUNDLE_IDENTIFIER = "minikin.ItemsDataSource-iOS-Example";
				PRODUCT_NAME = "$(TARGET_NAME)";
				SWIFT_VERSION = 4.0;
				TARGETED_DEVICE_FAMILY = "1,2";
			};
			name = Release;
		};
/* End XCBuildConfiguration section */

/* Begin XCConfigurationList section */
		FC7484D61FE7C733002AB969 /* Build configuration list for PBXProject "iOS Example" */ = {
			isa = XCConfigurationList;
			buildConfigurations = (
				FC7484EB1FE7C733002AB969 /* Debug */,
				FC7484EC1FE7C733002AB969 /* Release */,
			);
			defaultConfigurationIsVisible = 0;
			defaultConfigurationName = Release;
		};
		FC7484ED1FE7C733002AB969 /* Build configuration list for PBXNativeTarget "iOS Example" */ = {
			isa = XCConfigurationList;
			buildConfigurations = (
				FC7484EE1FE7C733002AB969 /* Debug */,
				FC7484EF1FE7C733002AB969 /* Release */,
			);
			defaultConfigurationIsVisible = 0;
			defaultConfigurationName = Release;
		};
/* End XCConfigurationList section */
	};
	rootObject = FC7484D31FE7C733002AB969 /* Project object */;
}
